// !$*UTF8*$!
{
	archiveVersion = 1;
	classes = {
	};
	objectVersion = 56;
	objects = {

/* Begin PBXBuildFile section */
		888F8F562C7392A000BE2D2B /* JobQueue.swift in Sources */ = {isa = PBXBuildFile; fileRef = 888F8F552C7392A000BE2D2B /* JobQueue.swift */; };
		888F8F582C748A5200BE2D2B /* JobScheduler.swift in Sources */ = {isa = PBXBuildFile; fileRef = 888F8F572C748A5200BE2D2B /* JobScheduler.swift */; };
		88C4A9712C526352006B2C56 /* RickAndMortyApp.swift in Sources */ = {isa = PBXBuildFile; fileRef = 88C4A9702C526352006B2C56 /* RickAndMortyApp.swift */; };
		88C4A9732C526352006B2C56 /* MainTabView.swift in Sources */ = {isa = PBXBuildFile; fileRef = 88C4A9722C526352006B2C56 /* MainTabView.swift */; };
		88C4A9752C526356006B2C56 /* Assets.xcassets in Resources */ = {isa = PBXBuildFile; fileRef = 88C4A9742C526356006B2C56 /* Assets.xcassets */; };
		88C4A9782C526356006B2C56 /* Preview Assets.xcassets in Resources */ = {isa = PBXBuildFile; fileRef = 88C4A9772C526356006B2C56 /* Preview Assets.xcassets */; };
		88C4A9832C53B27B006B2C56 /* Characters.swift in Sources */ = {isa = PBXBuildFile; fileRef = 88C4A9822C53B27B006B2C56 /* Characters.swift */; };
		88C4A9852C53B56C006B2C56 /* RickAndMortyService.swift in Sources */ = {isa = PBXBuildFile; fileRef = 88C4A9842C53B56C006B2C56 /* RickAndMortyService.swift */; };
		88C4A9872C53B576006B2C56 /* IRickAndMortyService.swift in Sources */ = {isa = PBXBuildFile; fileRef = 88C4A9862C53B576006B2C56 /* IRickAndMortyService.swift */; };
		88C4A9892C53B7AF006B2C56 /* RickAndMortyViewModel.swift in Sources */ = {isa = PBXBuildFile; fileRef = 88C4A9882C53B7AF006B2C56 /* RickAndMortyViewModel.swift */; };
		88C4A98B2C60F4E9006B2C56 /* CharactersScreen.swift in Sources */ = {isa = PBXBuildFile; fileRef = 88C4A98A2C60F4E9006B2C56 /* CharactersScreen.swift */; };
		88C4A98D2C60F5A5006B2C56 /* SuffixArrayScreen.swift in Sources */ = {isa = PBXBuildFile; fileRef = 88C4A98C2C60F5A5006B2C56 /* SuffixArrayScreen.swift */; };
		88C4A98F2C60F7C6006B2C56 /* SuffixArrayViewModel.swift in Sources */ = {isa = PBXBuildFile; fileRef = 88C4A98E2C60F7C6006B2C56 /* SuffixArrayViewModel.swift */; };
		88C4A9912C6221EB006B2C56 /* SuffixSequence.swift in Sources */ = {isa = PBXBuildFile; fileRef = 88C4A9902C6221EA006B2C56 /* SuffixSequence.swift */; };
/* End PBXBuildFile section */

/* Begin PBXFileReference section */
		888F8F552C7392A000BE2D2B /* JobQueue.swift */ = {isa = PBXFileReference; lastKnownFileType = sourcecode.swift; path = JobQueue.swift; sourceTree = "<group>"; };
		888F8F572C748A5200BE2D2B /* JobScheduler.swift */ = {isa = PBXFileReference; lastKnownFileType = sourcecode.swift; path = JobScheduler.swift; sourceTree = "<group>"; };
		88C4A96D2C526352006B2C56 /* RickAndMorty.app */ = {isa = PBXFileReference; explicitFileType = wrapper.application; includeInIndex = 0; path = RickAndMorty.app; sourceTree = BUILT_PRODUCTS_DIR; };
		88C4A9702C526352006B2C56 /* RickAndMortyApp.swift */ = {isa = PBXFileReference; lastKnownFileType = sourcecode.swift; path = RickAndMortyApp.swift; sourceTree = "<group>"; };
		88C4A9722C526352006B2C56 /* MainTabView.swift */ = {isa = PBXFileReference; lastKnownFileType = sourcecode.swift; path = MainTabView.swift; sourceTree = "<group>"; };
		88C4A9742C526356006B2C56 /* Assets.xcassets */ = {isa = PBXFileReference; lastKnownFileType = folder.assetcatalog; path = Assets.xcassets; sourceTree = "<group>"; };
		88C4A9772C526356006B2C56 /* Preview Assets.xcassets */ = {isa = PBXFileReference; lastKnownFileType = folder.assetcatalog; path = "Preview Assets.xcassets"; sourceTree = "<group>"; };
		88C4A9822C53B27B006B2C56 /* Characters.swift */ = {isa = PBXFileReference; lastKnownFileType = sourcecode.swift; path = Characters.swift; sourceTree = "<group>"; };
		88C4A9842C53B56C006B2C56 /* RickAndMortyService.swift */ = {isa = PBXFileReference; lastKnownFileType = sourcecode.swift; path = RickAndMortyService.swift; sourceTree = "<group>"; };
		88C4A9862C53B576006B2C56 /* IRickAndMortyService.swift */ = {isa = PBXFileReference; lastKnownFileType = sourcecode.swift; path = IRickAndMortyService.swift; sourceTree = "<group>"; };
		88C4A9882C53B7AF006B2C56 /* RickAndMortyViewModel.swift */ = {isa = PBXFileReference; lastKnownFileType = sourcecode.swift; path = RickAndMortyViewModel.swift; sourceTree = "<group>"; };
		88C4A98A2C60F4E9006B2C56 /* CharactersScreen.swift */ = {isa = PBXFileReference; lastKnownFileType = sourcecode.swift; path = CharactersScreen.swift; sourceTree = "<group>"; };
		88C4A98C2C60F5A5006B2C56 /* SuffixArrayScreen.swift */ = {isa = PBXFileReference; lastKnownFileType = sourcecode.swift; path = SuffixArrayScreen.swift; sourceTree = "<group>"; };
		88C4A98E2C60F7C6006B2C56 /* SuffixArrayViewModel.swift */ = {isa = PBXFileReference; lastKnownFileType = sourcecode.swift; path = SuffixArrayViewModel.swift; sourceTree = "<group>"; };
		88C4A9902C6221EA006B2C56 /* SuffixSequence.swift */ = {isa = PBXFileReference; lastKnownFileType = sourcecode.swift; path = SuffixSequence.swift; sourceTree = "<group>"; };
/* End PBXFileReference section */

/* Begin PBXFrameworksBuildPhase section */
		88C4A96A2C526352006B2C56 /* Frameworks */ = {
			isa = PBXFrameworksBuildPhase;
			buildActionMask = 2147483647;
			files = (
			);
			runOnlyForDeploymentPostprocessing = 0;
		};
/* End PBXFrameworksBuildPhase section */

/* Begin PBXGroup section */
		88C4A9642C526352006B2C56 = {
			isa = PBXGroup;
			children = (
				88C4A96F2C526352006B2C56 /* RickAndMorty */,
				88C4A96E2C526352006B2C56 /* Products */,
			);
			sourceTree = "<group>";
		};
		88C4A96E2C526352006B2C56 /* Products */ = {
			isa = PBXGroup;
			children = (
				88C4A96D2C526352006B2C56 /* RickAndMorty.app */,
			);
			name = Products;
			sourceTree = "<group>";
		};
		88C4A96F2C526352006B2C56 /* RickAndMorty */ = {
			isa = PBXGroup;
			children = (
				88C4A9812C53B25F006B2C56 /* Models */,
				88C4A9802C53B242006B2C56 /* Views */,
				88C4A97F2C53B231006B2C56 /* ViewModels */,
				88C4A97E2C53B225006B2C56 /* Services */,
				88C4A9702C526352006B2C56 /* RickAndMortyApp.swift */,
				88C4A9742C526356006B2C56 /* Assets.xcassets */,
				88C4A9762C526356006B2C56 /* Preview Content */,
			);
			path = RickAndMorty;
			sourceTree = "<group>";
		};
		88C4A9762C526356006B2C56 /* Preview Content */ = {
			isa = PBXGroup;
			children = (
				88C4A9772C526356006B2C56 /* Preview Assets.xcassets */,
			);
			path = "Preview Content";
			sourceTree = "<group>";
		};
		88C4A97E2C53B225006B2C56 /* Services */ = {
			isa = PBXGroup;
			children = (
				88C4A9862C53B576006B2C56 /* IRickAndMortyService.swift */,
				88C4A9842C53B56C006B2C56 /* RickAndMortyService.swift */,
			);
			path = Services;
			sourceTree = "<group>";
		};
		88C4A97F2C53B231006B2C56 /* ViewModels */ = {
			isa = PBXGroup;
			children = (
				88C4A9882C53B7AF006B2C56 /* RickAndMortyViewModel.swift */,
				88C4A98E2C60F7C6006B2C56 /* SuffixArrayViewModel.swift */,
			);
			path = ViewModels;
			sourceTree = "<group>";
		};
		88C4A9802C53B242006B2C56 /* Views */ = {
			isa = PBXGroup;
			children = (
				88C4A9722C526352006B2C56 /* MainTabView.swift */,
				88C4A98A2C60F4E9006B2C56 /* CharactersScreen.swift */,
				88C4A98C2C60F5A5006B2C56 /* SuffixArrayScreen.swift */,
			);
			path = Views;
			sourceTree = "<group>";
		};
		88C4A9812C53B25F006B2C56 /* Models */ = {
			isa = PBXGroup;
			children = (
				88C4A9822C53B27B006B2C56 /* Characters.swift */,
				88C4A9902C6221EA006B2C56 /* SuffixSequence.swift */,
				888F8F552C7392A000BE2D2B /* JobQueue.swift */,
				888F8F572C748A5200BE2D2B /* JobScheduler.swift */,
			);
			path = Models;
			sourceTree = "<group>";
		};
/* End PBXGroup section */

/* Begin PBXNativeTarget section */
		88C4A96C2C526352006B2C56 /* RickAndMorty */ = {
			isa = PBXNativeTarget;
			buildConfigurationList = 88C4A97B2C526356006B2C56 /* Build configuration list for PBXNativeTarget "RickAndMorty" */;
			buildPhases = (
				88C4A9692C526352006B2C56 /* Sources */,
				88C4A96A2C526352006B2C56 /* Frameworks */,
				88C4A96B2C526352006B2C56 /* Resources */,
			);
			buildRules = (
			);
			dependencies = (
			);
			name = RickAndMorty;
			productName = RickAndMorty;
			productReference = 88C4A96D2C526352006B2C56 /* RickAndMorty.app */;
			productType = "com.apple.product-type.application";
		};
/* End PBXNativeTarget section */

/* Begin PBXProject section */
		88C4A9652C526352006B2C56 /* Project object */ = {
			isa = PBXProject;
			attributes = {
				BuildIndependentTargetsInParallel = 1;
				LastSwiftUpdateCheck = 1540;
				LastUpgradeCheck = 1540;
				TargetAttributes = {
					88C4A96C2C526352006B2C56 = {
						CreatedOnToolsVersion = 15.4;
					};
				};
			};
			buildConfigurationList = 88C4A9682C526352006B2C56 /* Build configuration list for PBXProject "RickAndMorty" */;
			compatibilityVersion = "Xcode 14.0";
			developmentRegion = en;
			hasScannedForEncodings = 0;
			knownRegions = (
				en,
				Base,
			);
			mainGroup = 88C4A9642C526352006B2C56;
			productRefGroup = 88C4A96E2C526352006B2C56 /* Products */;
			projectDirPath = "";
			projectRoot = "";
			targets = (
				88C4A96C2C526352006B2C56 /* RickAndMorty */,
			);
		};
/* End PBXProject section */

/* Begin PBXResourcesBuildPhase section */
		88C4A96B2C526352006B2C56 /* Resources */ = {
			isa = PBXResourcesBuildPhase;
			buildActionMask = 2147483647;
			files = (
				88C4A9782C526356006B2C56 /* Preview Assets.xcassets in Resources */,
				88C4A9752C526356006B2C56 /* Assets.xcassets in Resources */,
			);
			runOnlyForDeploymentPostprocessing = 0;
		};
/* End PBXResourcesBuildPhase section */

/* Begin PBXSourcesBuildPhase section */
		88C4A9692C526352006B2C56 /* Sources */ = {
			isa = PBXSourcesBuildPhase;
			buildActionMask = 2147483647;
			files = (
				88C4A9852C53B56C006B2C56 /* RickAndMortyService.swift in Sources */,
				88C4A98B2C60F4E9006B2C56 /* CharactersScreen.swift in Sources */,
				88C4A9732C526352006B2C56 /* MainTabView.swift in Sources */,
				88C4A9872C53B576006B2C56 /* IRickAndMortyService.swift in Sources */,
				88C4A9832C53B27B006B2C56 /* Characters.swift in Sources */,
				88C4A9712C526352006B2C56 /* RickAndMortyApp.swift in Sources */,
				88C4A98D2C60F5A5006B2C56 /* SuffixArrayScreen.swift in Sources */,
				888F8F582C748A5200BE2D2B /* JobScheduler.swift in Sources */,
				88C4A9912C6221EB006B2C56 /* SuffixSequence.swift in Sources */,
				88C4A9892C53B7AF006B2C56 /* RickAndMortyViewModel.swift in Sources */,
				888F8F562C7392A000BE2D2B /* JobQueue.swift in Sources */,
				88C4A98F2C60F7C6006B2C56 /* SuffixArrayViewModel.swift in Sources */,
			);
			runOnlyForDeploymentPostprocessing = 0;
		};
/* End PBXSourcesBuildPhase section */

/* Begin XCBuildConfiguration section */
		88C4A9792C526356006B2C56 /* Debug */ = {
			isa = XCBuildConfiguration;
			buildSettings = {
				ALWAYS_SEARCH_USER_PATHS = NO;
				ASSETCATALOG_COMPILER_GENERATE_SWIFT_ASSET_SYMBOL_EXTENSIONS = YES;
				CLANG_ANALYZER_NONNULL = YES;
				CLANG_ANALYZER_NUMBER_OBJECT_CONVERSION = YES_AGGRESSIVE;
				CLANG_CXX_LANGUAGE_STANDARD = "gnu++20";
				CLANG_ENABLE_MODULES = YES;
				CLANG_ENABLE_OBJC_ARC = YES;
				CLANG_ENABLE_OBJC_WEAK = YES;
				CLANG_WARN_BLOCK_CAPTURE_AUTORELEASING = YES;
				CLANG_WARN_BOOL_CONVERSION = YES;
				CLANG_WARN_COMMA = YES;
				CLANG_WARN_CONSTANT_CONVERSION = YES;
				CLANG_WARN_DEPRECATED_OBJC_IMPLEMENTATIONS = YES;
				CLANG_WARN_DIRECT_OBJC_ISA_USAGE = YES_ERROR;
				CLANG_WARN_DOCUMENTATION_COMMENTS = YES;
				CLANG_WARN_EMPTY_BODY = YES;
				CLANG_WARN_ENUM_CONVERSION = YES;
				CLANG_WARN_INFINITE_RECURSION = YES;
				CLANG_WARN_INT_CONVERSION = YES;
				CLANG_WARN_NON_LITERAL_NULL_CONVERSION = YES;
				CLANG_WARN_OBJC_IMPLICIT_RETAIN_SELF = YES;
				CLANG_WARN_OBJC_LITERAL_CONVERSION = YES;
				CLANG_WARN_OBJC_ROOT_CLASS = YES_ERROR;
				CLANG_WARN_QUOTED_INCLUDE_IN_FRAMEWORK_HEADER = YES;
				CLANG_WARN_RANGE_LOOP_ANALYSIS = YES;
				CLANG_WARN_STRICT_PROTOTYPES = YES;
				CLANG_WARN_SUSPICIOUS_MOVE = YES;
				CLANG_WARN_UNGUARDED_AVAILABILITY = YES_AGGRESSIVE;
				CLANG_WARN_UNREACHABLE_CODE = YES;
				CLANG_WARN__DUPLICATE_METHOD_MATCH = YES;
				COPY_PHASE_STRIP = NO;
				DEBUG_INFORMATION_FORMAT = dwarf;
				ENABLE_STRICT_OBJC_MSGSEND = YES;
				ENABLE_TESTABILITY = YES;
				ENABLE_USER_SCRIPT_SANDBOXING = YES;
				GCC_C_LANGUAGE_STANDARD = gnu17;
				GCC_DYNAMIC_NO_PIC = NO;
				GCC_NO_COMMON_BLOCKS = YES;
				GCC_OPTIMIZATION_LEVEL = 0;
				GCC_PREPROCESSOR_DEFINITIONS = (
					"DEBUG=1",
					"$(inherited)",
				);
				GCC_WARN_64_TO_32_BIT_CONVERSION = YES;
				GCC_WARN_ABOUT_RETURN_TYPE = YES_ERROR;
				GCC_WARN_UNDECLARED_SELECTOR = YES;
				GCC_WARN_UNINITIALIZED_AUTOS = YES_AGGRESSIVE;
				GCC_WARN_UNUSED_FUNCTION = YES;
				GCC_WARN_UNUSED_VARIABLE = YES;
				IPHONEOS_DEPLOYMENT_TARGET = 17.5;
				LOCALIZATION_PREFERS_STRING_CATALOGS = YES;
				MTL_ENABLE_DEBUG_INFO = INCLUDE_SOURCE;
				MTL_FAST_MATH = YES;
				ONLY_ACTIVE_ARCH = YES;
				SDKROOT = iphoneos;
				SWIFT_ACTIVE_COMPILATION_CONDITIONS = "DEBUG $(inherited)";
				SWIFT_OPTIMIZATION_LEVEL = "-Onone";
			};
			name = Debug;
		};
		88C4A97A2C526356006B2C56 /* Release */ = {
			isa = XCBuildConfiguration;
			buildSettings = {
				ALWAYS_SEARCH_USER_PATHS = NO;
				ASSETCATALOG_COMPILER_GENERATE_SWIFT_ASSET_SYMBOL_EXTENSIONS = YES;
				CLANG_ANALYZER_NONNULL = YES;
				CLANG_ANALYZER_NUMBER_OBJECT_CONVERSION = YES_AGGRESSIVE;
				CLANG_CXX_LANGUAGE_STANDARD = "gnu++20";
				CLANG_ENABLE_MODULES = YES;
				CLANG_ENABLE_OBJC_ARC = YES;
				CLANG_ENABLE_OBJC_WEAK = YES;
				CLANG_WARN_BLOCK_CAPTURE_AUTORELEASING = YES;
				CLANG_WARN_BOOL_CONVERSION = YES;
				CLANG_WARN_COMMA = YES;
				CLANG_WARN_CONSTANT_CONVERSION = YES;
				CLANG_WARN_DEPRECATED_OBJC_IMPLEMENTATIONS = YES;
				CLANG_WARN_DIRECT_OBJC_ISA_USAGE = YES_ERROR;
				CLANG_WARN_DOCUMENTATION_COMMENTS = YES;
				CLANG_WARN_EMPTY_BODY = YES;
				CLANG_WARN_ENUM_CONVERSION = YES;
				CLANG_WARN_INFINITE_RECURSION = YES;
				CLANG_WARN_INT_CONVERSION = YES;
				CLANG_WARN_NON_LITERAL_NULL_CONVERSION = YES;
				CLANG_WARN_OBJC_IMPLICIT_RETAIN_SELF = YES;
				CLANG_WARN_OBJC_LITERAL_CONVERSION = YES;
				CLANG_WARN_OBJC_ROOT_CLASS = YES_ERROR;
				CLANG_WARN_QUOTED_INCLUDE_IN_FRAMEWORK_HEADER = YES;
				CLANG_WARN_RANGE_LOOP_ANALYSIS = YES;
				CLANG_WARN_STRICT_PROTOTYPES = YES;
				CLANG_WARN_SUSPICIOUS_MOVE = YES;
				CLANG_WARN_UNGUARDED_AVAILABILITY = YES_AGGRESSIVE;
				CLANG_WARN_UNREACHABLE_CODE = YES;
				CLANG_WARN__DUPLICATE_METHOD_MATCH = YES;
				COPY_PHASE_STRIP = NO;
				DEBUG_INFORMATION_FORMAT = "dwarf-with-dsym";
				ENABLE_NS_ASSERTIONS = NO;
				ENABLE_STRICT_OBJC_MSGSEND = YES;
				ENABLE_USER_SCRIPT_SANDBOXING = YES;
				GCC_C_LANGUAGE_STANDARD = gnu17;
				GCC_NO_COMMON_BLOCKS = YES;
				GCC_WARN_64_TO_32_BIT_CONVERSION = YES;
				GCC_WARN_ABOUT_RETURN_TYPE = YES_ERROR;
				GCC_WARN_UNDECLARED_SELECTOR = YES;
				GCC_WARN_UNINITIALIZED_AUTOS = YES_AGGRESSIVE;
				GCC_WARN_UNUSED_FUNCTION = YES;
				GCC_WARN_UNUSED_VARIABLE = YES;
				IPHONEOS_DEPLOYMENT_TARGET = 17.5;
				LOCALIZATION_PREFERS_STRING_CATALOGS = YES;
				MTL_ENABLE_DEBUG_INFO = NO;
				MTL_FAST_MATH = YES;
				SDKROOT = iphoneos;
				SWIFT_COMPILATION_MODE = wholemodule;
				VALIDATE_PRODUCT = YES;
			};
			name = Release;
		};
		88C4A97C2C526356006B2C56 /* Debug */ = {
			isa = XCBuildConfiguration;
			buildSettings = {
				ASSETCATALOG_COMPILER_APPICON_NAME = AppIcon;
				ASSETCATALOG_COMPILER_GLOBAL_ACCENT_COLOR_NAME = AccentColor;
				CODE_SIGN_STYLE = Automatic;
				CURRENT_PROJECT_VERSION = 1;
				DEVELOPMENT_ASSET_PATHS = "\"RickAndMorty/Preview Content\"";
				DEVELOPMENT_TEAM = FR8HXSF6FT;
				ENABLE_PREVIEWS = YES;
				GENERATE_INFOPLIST_FILE = YES;
				INFOPLIST_KEY_UIApplicationSceneManifest_Generation = YES;
				INFOPLIST_KEY_UIApplicationSupportsIndirectInputEvents = YES;
				INFOPLIST_KEY_UILaunchScreen_Generation = YES;
				INFOPLIST_KEY_UISupportedInterfaceOrientations_iPad = "UIInterfaceOrientationPortrait UIInterfaceOrientationPortraitUpsideDown UIInterfaceOrientationLandscapeLeft UIInterfaceOrientationLandscapeRight";
				INFOPLIST_KEY_UISupportedInterfaceOrientations_iPhone = "UIInterfaceOrientationPortrait UIInterfaceOrientationLandscapeLeft UIInterfaceOrientationLandscapeRight";
				LD_RUNPATH_SEARCH_PATHS = (
					"$(inherited)",
					"@executable_path/Frameworks",
				);
				MARKETING_VERSION = 1.0;
				PRODUCT_BUNDLE_IDENTIFIER = com.lagarnas.RickAndMorty;
				PRODUCT_NAME = "$(TARGET_NAME)";
				SWIFT_EMIT_LOC_STRINGS = YES;
				SWIFT_VERSION = 5.0;
				TARGETED_DEVICE_FAMILY = "1,2";
			};
			name = Debug;
		};
		88C4A97D2C526356006B2C56 /* Release */ = {
			isa = XCBuildConfiguration;
			buildSettings = {
				ASSETCATALOG_COMPILER_APPICON_NAME = AppIcon;
				ASSETCATALOG_COMPILER_GLOBAL_ACCENT_COLOR_NAME = AccentColor;
				CODE_SIGN_STYLE = Automatic;
				CURRENT_PROJECT_VERSION = 1;
				DEVELOPMENT_ASSET_PATHS = "\"RickAndMorty/Preview Content\"";
				DEVELOPMENT_TEAM = FR8HXSF6FT;
				ENABLE_PREVIEWS = YES;
				GENERATE_INFOPLIST_FILE = YES;
				INFOPLIST_KEY_UIApplicationSceneManifest_Generation = YES;
				INFOPLIST_KEY_UIApplicationSupportsIndirectInputEvents = YES;
				INFOPLIST_KEY_UILaunchScreen_Generation = YES;
				INFOPLIST_KEY_UISupportedInterfaceOrientations_iPad = "UIInterfaceOrientationPortrait UIInterfaceOrientationPortraitUpsideDown UIInterfaceOrientationLandscapeLeft UIInterfaceOrientationLandscapeRight";
				INFOPLIST_KEY_UISupportedInterfaceOrientations_iPhone = "UIInterfaceOrientationPortrait UIInterfaceOrientationLandscapeLeft UIInterfaceOrientationLandscapeRight";
				LD_RUNPATH_SEARCH_PATHS = (
					"$(inherited)",
					"@executable_path/Frameworks",
				);
				MARKETING_VERSION = 1.0;
				PRODUCT_BUNDLE_IDENTIFIER = com.lagarnas.RickAndMorty;
				PRODUCT_NAME = "$(TARGET_NAME)";
				SWIFT_EMIT_LOC_STRINGS = YES;
				SWIFT_VERSION = 5.0;
				TARGETED_DEVICE_FAMILY = "1,2";
			};
			name = Release;
		};
/* End XCBuildConfiguration section */

/* Begin XCConfigurationList section */
		88C4A9682C526352006B2C56 /* Build configuration list for PBXProject "RickAndMorty" */ = {
			isa = XCConfigurationList;
			buildConfigurations = (
				88C4A9792C526356006B2C56 /* Debug */,
				88C4A97A2C526356006B2C56 /* Release */,
			);
			defaultConfigurationIsVisible = 0;
			defaultConfigurationName = Release;
		};
		88C4A97B2C526356006B2C56 /* Build configuration list for PBXNativeTarget "RickAndMorty" */ = {
			isa = XCConfigurationList;
			buildConfigurations = (
				88C4A97C2C526356006B2C56 /* Debug */,
				88C4A97D2C526356006B2C56 /* Release */,
			);
			defaultConfigurationIsVisible = 0;
			defaultConfigurationName = Release;
		};
/* End XCConfigurationList section */
	};
	rootObject = 88C4A9652C526352006B2C56 /* Project object */;
}
